
Microsoft Visual Studio Solution File, Format Version 12.00
# Visual Studio Version 17
VisualStudioVersion = 17.3.32811.315
MinimumVisualStudioVersion = 10.0.40219.1
Project("{FAE04EC0-301F-11D3-BF4B-00C04F79EFBC}") = "MinimalAPIDemo", "MinimalAPIDemo\MinimalAPIDemo.csproj", "{191EFA17-3A43-41AD-9CB1-175C0590008E}"
EndProject
Project("{00D1A9C2-B5F0-4AF3-8072-F6C62B433612}") = "UserDB", "UserDB\UserDB.sqlproj", "{3967F981-C2A1-4854-89D8-0C6ADF7C1EA7}"
EndProject
Project("{FAE04EC0-301F-11D3-BF4B-00C04F79EFBC}") = "DataAccess", "DataAccess\DataAccess.csproj", "{46C79681-5CD6-4423-A1A2-614B9EC73D17}"
EndProject
Project("{2150E333-8FDC-42A3-9474-1A3956D46DE8}") = "Solution Items", "Solution Items", "{EC0990A0-7328-421F-AE9B-02D283513E72}"
	ProjectSection(SolutionItems) = preProject
		.editorconfig = .editorconfig
	EndProjectSection
EndProject
Global
	GlobalSection(SolutionConfigurationPlatforms) = preSolution
		Debug|Any CPU = Debug|Any CPU
		Release|Any CPU = Release|Any CPU
	EndGlobalSection
	GlobalSection(ProjectConfigurationPlatforms) = postSolution
		{191EFA17-3A43-41AD-9CB1-175C0590008E}.Debug|Any CPU.ActiveCfg = Debug|Any CPU
		{191EFA17-3A43-41AD-9CB1-175C0590008E}.Debug|Any CPU.Build.0 = Debug|Any CPU
		{191EFA17-3A43-41AD-9CB1-175C0590008E}.Release|Any CPU.ActiveCfg = Release|Any CPU
		{191EFA17-3A43-41AD-9CB1-175C0590008E}.Release|Any CPU.Build.0 = Release|Any CPU
		{3967F981-C2A1-4854-89D8-0C6ADF7C1EA7}.Debug|Any CPU.ActiveCfg = Debug|Any CPU
		{3967F981-C2A1-4854-89D8-0C6ADF7C1EA7}.Debug|Any CPU.Build.0 = Debug|Any CPU
		{3967F981-C2A1-4854-89D8-0C6ADF7C1EA7}.Debug|Any CPU.Deploy.0 = Debug|Any CPU
		{3967F981-C2A1-4854-89D8-0C6ADF7C1EA7}.Release|Any CPU.ActiveCfg = Release|Any CPU
		{3967F981-C2A1-4854-89D8-0C6ADF7C1EA7}.Release|Any CPU.Build.0 = Release|Any CPU
		{3967F981-C2A1-4854-89D8-0C6ADF7C1EA7}.Release|Any CPU.Deploy.0 = Release|Any CPU
		{46C79681-5CD6-4423-A1A2-614B9EC73D17}.Debug|Any CPU.ActiveCfg = Debug|Any CPU
		{46C79681-5CD6-4423-A1A2-614B9EC73D17}.Debug|Any CPU.Build.0 = Debug|Any CPU
		{46C79681-5CD6-4423-A1A2-614B9EC73D17}.Release|Any CPU.ActiveCfg = Release|Any CPU
		{46C79681-5CD6-4423-A1A2-614B9EC73D17}.Release|Any CPU.Build.0 = Release|Any CPU
	EndGlobalSection
	GlobalSection(SolutionProperties) = preSolution
		HideSolutionNode = FALSE
	EndGlobalSection
	GlobalSection(ExtensibilityGlobals) = postSolution
		SolutionGuid = {0D558EFC-8ACC-4123-9257-A414C56AD9F3}
	EndGlobalSection
EndGlobal
